
Microsoft Visual Studio Solution File, Format Version 12.00
# Visual Studio Version 17
VisualStudioVersion = 17.2.32526.322
MinimumVisualStudioVersion = 10.0.40219.1
Project("{FAE04EC0-301F-11D3-BF4B-00C04F79EFBC}") = "CRUDEstados", "CRUDEstados\CRUDEstados.csproj", "{AB7BCF0A-52AC-441E-8E93-8E6998301EA8}"
EndProject
Global
	GlobalSection(SolutionConfigurationPlatforms) = preSolution
		Debug|Any CPU = Debug|Any CPU
		Release|Any CPU = Release|Any CPU
	EndGlobalSection
	GlobalSection(ProjectConfigurationPlatforms) = postSolution
		{AB7BCF0A-52AC-441E-8E93-8E6998301EA8}.Debug|Any CPU.ActiveCfg = Debug|Any CPU
		{AB7BCF0A-52AC-441E-8E93-8E6998301EA8}.Debug|Any CPU.Build.0 = Debug|Any CPU
		{AB7BCF0A-52AC-441E-8E93-8E6998301EA8}.Release|Any CPU.ActiveCfg = Release|Any CPU
		{AB7BCF0A-52AC-441E-8E93-8E6998301EA8}.Release|Any CPU.Build.0 = Release|Any CPU
	EndGlobalSection
	GlobalSection(SolutionProperties) = preSolution
		HideSolutionNode = FALSE
	EndGlobalSection
	GlobalSection(ExtensibilityGlobals) = postSolution
		SolutionGuid = {E79E09C6-0597-4C60-97C4-4F9A0139ADE8}
	EndGlobalSection
EndGlobal
